// !$*UTF8*$!
{
	archiveVersion = 1;
	classes = {
	};
	objectVersion = 56;
	objects = {

/* Begin PBXBuildFile section */

		8F641CBB2B4C705B008A49B4 /* MovieDiscoverViewModel.swift in Sources */ = {isa = PBXBuildFile; fileRef = 8F641CBA2B4C705B008A49B4 /* MovieDiscoverViewModel.swift */; };
		8F641CBD2B4C71EA008A49B4 /* Movie.swift in Sources */ = {isa = PBXBuildFile; fileRef = 8F641CBC2B4C71EA008A49B4 /* Movie.swift */; };
		8F641CBF2B4C725D008A49B4 /* TrendingResults.swift in Sources */ = {isa = PBXBuildFile; fileRef = 8F641CBE2B4C725D008A49B4 /* TrendingResults.swift */; };
		8F641CC12B4C72B2008A49B4 /* MovieDetailView.swift in Sources */ = {isa = PBXBuildFile; fileRef = 8F641CC02B4C72B2008A49B4 /* MovieDetailView.swift */; };
		8F641CC32B4C72DB008A49B4 /* MovieDetailsViewModel.swift in Sources */ = {isa = PBXBuildFile; fileRef = 8F641CC22B4C72DB008A49B4 /* MovieDetailsViewModel.swift */; };
		8F641CC52B4C7321008A49B4 /* TrendingCard.swift in Sources */ = {isa = PBXBuildFile; fileRef = 8F641CC42B4C7321008A49B4 /* TrendingCard.swift */; };
		8F641CC72B4C7351008A49B4 /* CastView.swift in Sources */ = {isa = PBXBuildFile; fileRef = 8F641CC62B4C7351008A49B4 /* CastView.swift */; };
		8F641CCC2B4C74F0008A49B4 /* FavouritesResults.swift in Sources */ = {isa = PBXBuildFile; fileRef = 8F641CCB2B4C74F0008A49B4 /* FavouritesResults.swift */; };
		8F641CCE2B4C7913008A49B4 /* TrendingView.swift in Sources */ = {isa = PBXBuildFile; fileRef = 8F641CCD2B4C7913008A49B4 /* TrendingView.swift */; };
		8F641CD02B4C7A43008A49B4 /* FavouritesView.swift in Sources */ = {isa = PBXBuildFile; fileRef = 8F641CCF2B4C7A43008A49B4 /* FavouritesView.swift */; };
		8F641CD22B4C7AC9008A49B4 /* TrendingViewModel.swift in Sources */ = {isa = PBXBuildFile; fileRef = 8F641CD12B4C7AC9008A49B4 /* TrendingViewModel.swift */; };
		8FE859B12B4C7DDC0009DACD /* MovieCardViewVertical.swift in Sources */ = {isa = PBXBuildFile; fileRef = 8FE859B02B4C7DDC0009DACD /* MovieCardViewVertical.swift */; };
		8FE859B52B4D5C900009DACD /* ButtonDS.swift in Sources */ = {isa = PBXBuildFile; fileRef = 8FE859B42B4D5C900009DACD /* ButtonDS.swift */; };

		BE1B8D2A2B4C482B00D43742 /* MyButton.swift in Sources */ = {isa = PBXBuildFile; fileRef = BE1B8D292B4C482B00D43742 /* MyButton.swift */; };
		BE1B8D2D2B4C49C800D43742 /* SignInView.swift in Sources */ = {isa = PBXBuildFile; fileRef = BE1B8D2C2B4C49C800D43742 /* SignInView.swift */; };
		BE1B8D302B4C4A1B00D43742 /* AuthViewModel.swift in Sources */ = {isa = PBXBuildFile; fileRef = BE1B8D2F2B4C4A1B00D43742 /* AuthViewModel.swift */; };
		BE1B8D322B4C4A6900D43742 /* InputView.swift in Sources */ = {isa = PBXBuildFile; fileRef = BE1B8D312B4C4A6900D43742 /* InputView.swift */; };
		BE1B8D342B4C4B9500D43742 /* ResetPasswordView.swift in Sources */ = {isa = PBXBuildFile; fileRef = BE1B8D332B4C4B9500D43742 /* ResetPasswordView.swift */; };
		BE1B8D362B4C4CC300D43742 /* SignUpView.swift in Sources */ = {isa = PBXBuildFile; fileRef = BE1B8D352B4C4CC300D43742 /* SignUpView.swift */; };
		BE1B8D3A2B4D460700D43742 /* LoginSuccessView.swift in Sources */ = {isa = PBXBuildFile; fileRef = BE1B8D392B4D460700D43742 /* LoginSuccessView.swift */; };
		BE1B8D3D2B4D469F00D43742 /* User.swift in Sources */ = {isa = PBXBuildFile; fileRef = BE1B8D3C2B4D469F00D43742 /* User.swift */; };
		BE1B8D3F2B4D671000D43742 /* GoogleService-Info.plist in Resources */ = {isa = PBXBuildFile; fileRef = BE1B8D3E2B4D671000D43742 /* GoogleService-Info.plist */; };
		BE1B8D422B4D6B5B00D43742 /* FirebaseAuth in Frameworks */ = {isa = PBXBuildFile; productRef = BE1B8D412B4D6B5B00D43742 /* FirebaseAuth */; };
		BE1B8D442B4D6B5B00D43742 /* FirebaseFirestore in Frameworks */ = {isa = PBXBuildFile; productRef = BE1B8D432B4D6B5B00D43742 /* FirebaseFirestore */; };
		BE1B8D462B4D6B5B00D43742 /* FirebaseFirestoreSwift in Frameworks */ = {isa = PBXBuildFile; productRef = BE1B8D452B4D6B5B00D43742 /* FirebaseFirestoreSwift */; };
		BE1B8D482B4D6B5B00D43742 /* FirebaseStorage in Frameworks */ = {isa = PBXBuildFile; productRef = BE1B8D472B4D6B5B00D43742 /* FirebaseStorage */; };

		BEAA53722B45A666008F418B /* MyMovieBookApp.swift in Sources */ = {isa = PBXBuildFile; fileRef = BEAA53712B45A666008F418B /* MyMovieBookApp.swift */; };
		BEAA53742B45A666008F418B /* WelcomeView.swift in Sources */ = {isa = PBXBuildFile; fileRef = BEAA53732B45A666008F418B /* WelcomeView.swift */; };
		BEAA53762B45A668008F418B /* Assets.xcassets in Resources */ = {isa = PBXBuildFile; fileRef = BEAA53752B45A668008F418B /* Assets.xcassets */; };
		BEAA53792B45A668008F418B /* Preview Assets.xcassets in Resources */ = {isa = PBXBuildFile; fileRef = BEAA53782B45A668008F418B /* Preview Assets.xcassets */; };
		BEAA53832B45A668008F418B /* MyMovieBookTests.swift in Sources */ = {isa = PBXBuildFile; fileRef = BEAA53822B45A668008F418B /* MyMovieBookTests.swift */; };
		BEAA538D2B45A668008F418B /* MyMovieBookUITests.swift in Sources */ = {isa = PBXBuildFile; fileRef = BEAA538C2B45A668008F418B /* MyMovieBookUITests.swift */; };
		BEAA538F2B45A668008F418B /* MyMovieBookUITestsLaunchTests.swift in Sources */ = {isa = PBXBuildFile; fileRef = BEAA538E2B45A668008F418B /* MyMovieBookUITestsLaunchTests.swift */; };
/* End PBXBuildFile section */

/* Begin PBXContainerItemProxy section */
		BEAA537F2B45A668008F418B /* PBXContainerItemProxy */ = {
			isa = PBXContainerItemProxy;
			containerPortal = BEAA53662B45A666008F418B /* Project object */;
			proxyType = 1;
			remoteGlobalIDString = BEAA536D2B45A666008F418B;
			remoteInfo = MyMovieBook;
		};
		BEAA53892B45A668008F418B /* PBXContainerItemProxy */ = {
			isa = PBXContainerItemProxy;
			containerPortal = BEAA53662B45A666008F418B /* Project object */;
			proxyType = 1;
			remoteGlobalIDString = BEAA536D2B45A666008F418B;
			remoteInfo = MyMovieBook;
		};
/* End PBXContainerItemProxy section */

/* Begin PBXFileReference section */

		8F641CBA2B4C705B008A49B4 /* MovieDiscoverViewModel.swift */ = {isa = PBXFileReference; lastKnownFileType = sourcecode.swift; path = MovieDiscoverViewModel.swift; sourceTree = "<group>"; };
		8F641CBC2B4C71EA008A49B4 /* Movie.swift */ = {isa = PBXFileReference; lastKnownFileType = sourcecode.swift; path = Movie.swift; sourceTree = "<group>"; };
		8F641CBE2B4C725D008A49B4 /* TrendingResults.swift */ = {isa = PBXFileReference; lastKnownFileType = sourcecode.swift; path = TrendingResults.swift; sourceTree = "<group>"; };
		8F641CC02B4C72B2008A49B4 /* MovieDetailView.swift */ = {isa = PBXFileReference; lastKnownFileType = sourcecode.swift; path = MovieDetailView.swift; sourceTree = "<group>"; };
		8F641CC22B4C72DB008A49B4 /* MovieDetailsViewModel.swift */ = {isa = PBXFileReference; lastKnownFileType = sourcecode.swift; path = MovieDetailsViewModel.swift; sourceTree = "<group>"; };
		8F641CC42B4C7321008A49B4 /* TrendingCard.swift */ = {isa = PBXFileReference; lastKnownFileType = sourcecode.swift; path = TrendingCard.swift; sourceTree = "<group>"; };
		8F641CC62B4C7351008A49B4 /* CastView.swift */ = {isa = PBXFileReference; lastKnownFileType = sourcecode.swift; path = CastView.swift; sourceTree = "<group>"; };
		8F641CCB2B4C74F0008A49B4 /* FavouritesResults.swift */ = {isa = PBXFileReference; lastKnownFileType = sourcecode.swift; path = FavouritesResults.swift; sourceTree = "<group>"; };
		8F641CCD2B4C7913008A49B4 /* TrendingView.swift */ = {isa = PBXFileReference; lastKnownFileType = sourcecode.swift; path = TrendingView.swift; sourceTree = "<group>"; };
		8F641CCF2B4C7A43008A49B4 /* FavouritesView.swift */ = {isa = PBXFileReference; lastKnownFileType = sourcecode.swift; path = FavouritesView.swift; sourceTree = "<group>"; };
		8F641CD12B4C7AC9008A49B4 /* TrendingViewModel.swift */ = {isa = PBXFileReference; lastKnownFileType = sourcecode.swift; path = TrendingViewModel.swift; sourceTree = "<group>"; };
		8FE859B02B4C7DDC0009DACD /* MovieCardViewVertical.swift */ = {isa = PBXFileReference; lastKnownFileType = sourcecode.swift; path = MovieCardViewVertical.swift; sourceTree = "<group>"; };
		8FE859B42B4D5C900009DACD /* ButtonDS.swift */ = {isa = PBXFileReference; lastKnownFileType = sourcecode.swift; path = ButtonDS.swift; sourceTree = "<group>"; };

		BE1B8D292B4C482B00D43742 /* MyButton.swift */ = {isa = PBXFileReference; lastKnownFileType = sourcecode.swift; path = MyButton.swift; sourceTree = "<group>"; };
		BE1B8D2C2B4C49C800D43742 /* SignInView.swift */ = {isa = PBXFileReference; lastKnownFileType = sourcecode.swift; path = SignInView.swift; sourceTree = "<group>"; };
		BE1B8D2F2B4C4A1B00D43742 /* AuthViewModel.swift */ = {isa = PBXFileReference; lastKnownFileType = sourcecode.swift; path = AuthViewModel.swift; sourceTree = "<group>"; };
		BE1B8D312B4C4A6900D43742 /* InputView.swift */ = {isa = PBXFileReference; lastKnownFileType = sourcecode.swift; path = InputView.swift; sourceTree = "<group>"; };
		BE1B8D332B4C4B9500D43742 /* ResetPasswordView.swift */ = {isa = PBXFileReference; lastKnownFileType = sourcecode.swift; path = ResetPasswordView.swift; sourceTree = "<group>"; };
		BE1B8D352B4C4CC300D43742 /* SignUpView.swift */ = {isa = PBXFileReference; lastKnownFileType = sourcecode.swift; path = SignUpView.swift; sourceTree = "<group>"; };
		BE1B8D392B4D460700D43742 /* LoginSuccessView.swift */ = {isa = PBXFileReference; lastKnownFileType = sourcecode.swift; path = LoginSuccessView.swift; sourceTree = "<group>"; };
		BE1B8D3C2B4D469F00D43742 /* User.swift */ = {isa = PBXFileReference; lastKnownFileType = sourcecode.swift; path = User.swift; sourceTree = "<group>"; };
		BE1B8D3E2B4D671000D43742 /* GoogleService-Info.plist */ = {isa = PBXFileReference; fileEncoding = 4; lastKnownFileType = text.plist.xml; path = "GoogleService-Info.plist"; sourceTree = "<group>"; };

		BEAA536E2B45A666008F418B /* MyMovieBook.app */ = {isa = PBXFileReference; explicitFileType = wrapper.application; includeInIndex = 0; path = MyMovieBook.app; sourceTree = BUILT_PRODUCTS_DIR; };
		BEAA53712B45A666008F418B /* MyMovieBookApp.swift */ = {isa = PBXFileReference; lastKnownFileType = sourcecode.swift; path = MyMovieBookApp.swift; sourceTree = "<group>"; };
		BEAA53732B45A666008F418B /* WelcomeView.swift */ = {isa = PBXFileReference; lastKnownFileType = sourcecode.swift; path = WelcomeView.swift; sourceTree = "<group>"; };
		BEAA53752B45A668008F418B /* Assets.xcassets */ = {isa = PBXFileReference; lastKnownFileType = folder.assetcatalog; path = Assets.xcassets; sourceTree = "<group>"; };
		BEAA53782B45A668008F418B /* Preview Assets.xcassets */ = {isa = PBXFileReference; lastKnownFileType = folder.assetcatalog; path = "Preview Assets.xcassets"; sourceTree = "<group>"; };
		BEAA537E2B45A668008F418B /* MyMovieBookTests.xctest */ = {isa = PBXFileReference; explicitFileType = wrapper.cfbundle; includeInIndex = 0; path = MyMovieBookTests.xctest; sourceTree = BUILT_PRODUCTS_DIR; };
		BEAA53822B45A668008F418B /* MyMovieBookTests.swift */ = {isa = PBXFileReference; lastKnownFileType = sourcecode.swift; path = MyMovieBookTests.swift; sourceTree = "<group>"; };
		BEAA53882B45A668008F418B /* MyMovieBookUITests.xctest */ = {isa = PBXFileReference; explicitFileType = wrapper.cfbundle; includeInIndex = 0; path = MyMovieBookUITests.xctest; sourceTree = BUILT_PRODUCTS_DIR; };
		BEAA538C2B45A668008F418B /* MyMovieBookUITests.swift */ = {isa = PBXFileReference; lastKnownFileType = sourcecode.swift; path = MyMovieBookUITests.swift; sourceTree = "<group>"; };
		BEAA538E2B45A668008F418B /* MyMovieBookUITestsLaunchTests.swift */ = {isa = PBXFileReference; lastKnownFileType = sourcecode.swift; path = MyMovieBookUITestsLaunchTests.swift; sourceTree = "<group>"; };
/* End PBXFileReference section */

/* Begin PBXFrameworksBuildPhase section */
		BEAA536B2B45A666008F418B /* Frameworks */ = {
			isa = PBXFrameworksBuildPhase;
			buildActionMask = 2147483647;
			files = (
				BE1B8D422B4D6B5B00D43742 /* FirebaseAuth in Frameworks */,
				BE1B8D482B4D6B5B00D43742 /* FirebaseStorage in Frameworks */,
				BE1B8D442B4D6B5B00D43742 /* FirebaseFirestore in Frameworks */,
				BE1B8D462B4D6B5B00D43742 /* FirebaseFirestoreSwift in Frameworks */,
			);
			runOnlyForDeploymentPostprocessing = 0;
		};
		BEAA537B2B45A668008F418B /* Frameworks */ = {
			isa = PBXFrameworksBuildPhase;
			buildActionMask = 2147483647;
			files = (
			);
			runOnlyForDeploymentPostprocessing = 0;
		};
		BEAA53852B45A668008F418B /* Frameworks */ = {
			isa = PBXFrameworksBuildPhase;
			buildActionMask = 2147483647;
			files = (
			);
			runOnlyForDeploymentPostprocessing = 0;
		};
/* End PBXFrameworksBuildPhase section */

/* Begin PBXGroup section */

		8F641CB92B4C7039008A49B4 /* Views */ = {
			isa = PBXGroup;
			children = (
				8FE859B22B4C7DE80009DACD /* CardViews */,
				BEAA53732B45A666008F418B /* ContentView.swift */,
				8F641CC02B4C72B2008A49B4 /* MovieDetailView.swift */,
				8F641CC62B4C7351008A49B4 /* CastView.swift */,
				8F641CCD2B4C7913008A49B4 /* TrendingView.swift */,
				8F641CCF2B4C7A43008A49B4 /* FavouritesView.swift */,

		BE1B8D272B4C481100D43742 /* Views */ = {
			isa = PBXGroup;
			children = (
				BE1B8D382B4C4F4F00D43742 /* Profile */,
				BE1B8D372B4C4F2800D43742 /* WelcomeView */,
				BE1B8D2B2B4C49A800D43742 /* Authentication */,
				BE1B8D392B4D460700D43742 /* LoginSuccessView.swift */,

			);
			path = Views;
			sourceTree = "<group>";
		};

		8F641CC82B4C7438008A49B4 /* Models */ = {
			isa = PBXGroup;
			children = (
				8F641CBA2B4C705B008A49B4 /* MovieDiscoverViewModel.swift */,
				8F641CC22B4C72DB008A49B4 /* MovieDetailsViewModel.swift */,
				8F641CD12B4C7AC9008A49B4 /* TrendingViewModel.swift */,
			);
			path = Models;
			sourceTree = "<group>";
		};
		8F641CC92B4C744E008A49B4 /* Classes */ = {
			isa = PBXGroup;
			children = (
				8F641CBE2B4C725D008A49B4 /* TrendingResults.swift */,
				8F641CBC2B4C71EA008A49B4 /* Movie.swift */,
				8F641CCB2B4C74F0008A49B4 /* FavouritesResults.swift */,
			);
			path = Classes;
			sourceTree = "<group>";
		};
		8FE859B22B4C7DE80009DACD /* CardViews */ = {
			isa = PBXGroup;
			children = (
				8FE859B02B4C7DDC0009DACD /* MovieCardViewVertical.swift */,
				8F641CC42B4C7321008A49B4 /* TrendingCard.swift */,
			);
			path = CardViews;
			sourceTree = "<group>";
		};
		8FE859B32B4D5C790009DACD /* DS */ = {
			isa = PBXGroup;
			children = (
				8FE859B42B4D5C900009DACD /* ButtonDS.swift */,
			);
			path = DS;

		BE1B8D282B4C481B00D43742 /* DesignSystem */ = {
			isa = PBXGroup;
			children = (
				BE1B8D292B4C482B00D43742 /* MyButton.swift */,
				BE1B8D312B4C4A6900D43742 /* InputView.swift */,
			);
			path = DesignSystem;
			sourceTree = "<group>";
		};
		BE1B8D2B2B4C49A800D43742 /* Authentication */ = {
			isa = PBXGroup;
			children = (
				BE1B8D2C2B4C49C800D43742 /* SignInView.swift */,
				BE1B8D332B4C4B9500D43742 /* ResetPasswordView.swift */,
				BE1B8D352B4C4CC300D43742 /* SignUpView.swift */,
			);
			path = Authentication;
			sourceTree = "<group>";
		};
		BE1B8D2E2B4C4A0E00D43742 /* ViewModels */ = {
			isa = PBXGroup;
			children = (
				BE1B8D2F2B4C4A1B00D43742 /* AuthViewModel.swift */,
			);
			path = ViewModels;
			sourceTree = "<group>";
		};
		BE1B8D372B4C4F2800D43742 /* WelcomeView */ = {
			isa = PBXGroup;
			children = (
				BEAA53732B45A666008F418B /* WelcomeView.swift */,
			);
			path = WelcomeView;
			sourceTree = "<group>";
		};
		BE1B8D382B4C4F4F00D43742 /* Profile */ = {
			isa = PBXGroup;
			children = (
			);
			path = Profile;
			sourceTree = "<group>";
		};
		BE1B8D3B2B4D469600D43742 /* Model */ = {
			isa = PBXGroup;
			children = (
				BE1B8D3C2B4D469F00D43742 /* User.swift */,
			);
			path = Model;

			sourceTree = "<group>";
		};
		BEAA53652B45A666008F418B = {
			isa = PBXGroup;
			children = (
				BEAA53702B45A666008F418B /* MyMovieBook */,
				BEAA53812B45A668008F418B /* MyMovieBookTests */,
				BEAA538B2B45A668008F418B /* MyMovieBookUITests */,
				BEAA536F2B45A666008F418B /* Products */,
			);
			sourceTree = "<group>";
		};
		BEAA536F2B45A666008F418B /* Products */ = {
			isa = PBXGroup;
			children = (
				BEAA536E2B45A666008F418B /* MyMovieBook.app */,
				BEAA537E2B45A668008F418B /* MyMovieBookTests.xctest */,
				BEAA53882B45A668008F418B /* MyMovieBookUITests.xctest */,
			);
			name = Products;
			sourceTree = "<group>";
		};
		BEAA53702B45A666008F418B /* MyMovieBook */ = {
			isa = PBXGroup;
			children = (

				8FE859B32B4D5C790009DACD /* DS */,
				8F641CC92B4C744E008A49B4 /* Classes */,
				8F641CC82B4C7438008A49B4 /* Models */,
				8F641CB92B4C7039008A49B4 /* Views */,

				BE1B8D3B2B4D469600D43742 /* Model */,
				BE1B8D2E2B4C4A0E00D43742 /* ViewModels */,
				BE1B8D282B4C481B00D43742 /* DesignSystem */,
				BE1B8D272B4C481100D43742 /* Views */,

				BEAA53712B45A666008F418B /* MyMovieBookApp.swift */,
				BEAA53752B45A668008F418B /* Assets.xcassets */,
				BE1B8D3E2B4D671000D43742 /* GoogleService-Info.plist */,
				BEAA53772B45A668008F418B /* Preview Content */,
			);
			path = MyMovieBook;
			sourceTree = "<group>";
		};
		BEAA53772B45A668008F418B /* Preview Content */ = {
			isa = PBXGroup;
			children = (
				BEAA53782B45A668008F418B /* Preview Assets.xcassets */,
			);
			path = "Preview Content";
			sourceTree = "<group>";
		};
		BEAA53812B45A668008F418B /* MyMovieBookTests */ = {
			isa = PBXGroup;
			children = (
				BEAA53822B45A668008F418B /* MyMovieBookTests.swift */,
			);
			path = MyMovieBookTests;
			sourceTree = "<group>";
		};
		BEAA538B2B45A668008F418B /* MyMovieBookUITests */ = {
			isa = PBXGroup;
			children = (
				BEAA538C2B45A668008F418B /* MyMovieBookUITests.swift */,
				BEAA538E2B45A668008F418B /* MyMovieBookUITestsLaunchTests.swift */,
			);
			path = MyMovieBookUITests;
			sourceTree = "<group>";
		};
/* End PBXGroup section */

/* Begin PBXNativeTarget section */
		BEAA536D2B45A666008F418B /* MyMovieBook */ = {
			isa = PBXNativeTarget;
			buildConfigurationList = BEAA53922B45A668008F418B /* Build configuration list for PBXNativeTarget "MyMovieBook" */;
			buildPhases = (
				BEAA536A2B45A666008F418B /* Sources */,
				BEAA536B2B45A666008F418B /* Frameworks */,
				BEAA536C2B45A666008F418B /* Resources */,
			);
			buildRules = (
			);
			dependencies = (
			);
			name = MyMovieBook;
			packageProductDependencies = (
				BE1B8D412B4D6B5B00D43742 /* FirebaseAuth */,
				BE1B8D432B4D6B5B00D43742 /* FirebaseFirestore */,
				BE1B8D452B4D6B5B00D43742 /* FirebaseFirestoreSwift */,
				BE1B8D472B4D6B5B00D43742 /* FirebaseStorage */,
			);
			productName = MyMovieBook;
			productReference = BEAA536E2B45A666008F418B /* MyMovieBook.app */;
			productType = "com.apple.product-type.application";
		};
		BEAA537D2B45A668008F418B /* MyMovieBookTests */ = {
			isa = PBXNativeTarget;
			buildConfigurationList = BEAA53952B45A668008F418B /* Build configuration list for PBXNativeTarget "MyMovieBookTests" */;
			buildPhases = (
				BEAA537A2B45A668008F418B /* Sources */,
				BEAA537B2B45A668008F418B /* Frameworks */,
				BEAA537C2B45A668008F418B /* Resources */,
			);
			buildRules = (
			);
			dependencies = (
				BEAA53802B45A668008F418B /* PBXTargetDependency */,
			);
			name = MyMovieBookTests;
			productName = MyMovieBookTests;
			productReference = BEAA537E2B45A668008F418B /* MyMovieBookTests.xctest */;
			productType = "com.apple.product-type.bundle.unit-test";
		};
		BEAA53872B45A668008F418B /* MyMovieBookUITests */ = {
			isa = PBXNativeTarget;
			buildConfigurationList = BEAA53982B45A668008F418B /* Build configuration list for PBXNativeTarget "MyMovieBookUITests" */;
			buildPhases = (
				BEAA53842B45A668008F418B /* Sources */,
				BEAA53852B45A668008F418B /* Frameworks */,
				BEAA53862B45A668008F418B /* Resources */,
			);
			buildRules = (
			);
			dependencies = (
				BEAA538A2B45A668008F418B /* PBXTargetDependency */,
			);
			name = MyMovieBookUITests;
			productName = MyMovieBookUITests;
			productReference = BEAA53882B45A668008F418B /* MyMovieBookUITests.xctest */;
			productType = "com.apple.product-type.bundle.ui-testing";
		};
/* End PBXNativeTarget section */

/* Begin PBXProject section */
		BEAA53662B45A666008F418B /* Project object */ = {
			isa = PBXProject;
			attributes = {
				BuildIndependentTargetsInParallel = 1;
				LastSwiftUpdateCheck = 1510;
				LastUpgradeCheck = 1510;
				TargetAttributes = {
					BEAA536D2B45A666008F418B = {
						CreatedOnToolsVersion = 15.1;
					};
					BEAA537D2B45A668008F418B = {
						CreatedOnToolsVersion = 15.1;
						TestTargetID = BEAA536D2B45A666008F418B;
					};
					BEAA53872B45A668008F418B = {
						CreatedOnToolsVersion = 15.1;
						TestTargetID = BEAA536D2B45A666008F418B;
					};
				};
			};
			buildConfigurationList = BEAA53692B45A666008F418B /* Build configuration list for PBXProject "MyMovieBook" */;
			compatibilityVersion = "Xcode 14.0";
			developmentRegion = en;
			hasScannedForEncodings = 0;
			knownRegions = (
				en,
				Base,
			);
			mainGroup = BEAA53652B45A666008F418B;
			packageReferences = (
				BE1B8D402B4D6B5B00D43742 /* XCRemoteSwiftPackageReference "firebase-ios-sdk" */,
			);
			productRefGroup = BEAA536F2B45A666008F418B /* Products */;
			projectDirPath = "";
			projectRoot = "";
			targets = (
				BEAA536D2B45A666008F418B /* MyMovieBook */,
				BEAA537D2B45A668008F418B /* MyMovieBookTests */,
				BEAA53872B45A668008F418B /* MyMovieBookUITests */,
			);
		};
/* End PBXProject section */

/* Begin PBXResourcesBuildPhase section */
		BEAA536C2B45A666008F418B /* Resources */ = {
			isa = PBXResourcesBuildPhase;
			buildActionMask = 2147483647;
			files = (
				BEAA53792B45A668008F418B /* Preview Assets.xcassets in Resources */,
				BEAA53762B45A668008F418B /* Assets.xcassets in Resources */,
				BE1B8D3F2B4D671000D43742 /* GoogleService-Info.plist in Resources */,
			);
			runOnlyForDeploymentPostprocessing = 0;
		};
		BEAA537C2B45A668008F418B /* Resources */ = {
			isa = PBXResourcesBuildPhase;
			buildActionMask = 2147483647;
			files = (
			);
			runOnlyForDeploymentPostprocessing = 0;
		};
		BEAA53862B45A668008F418B /* Resources */ = {
			isa = PBXResourcesBuildPhase;
			buildActionMask = 2147483647;
			files = (
			);
			runOnlyForDeploymentPostprocessing = 0;
		};
/* End PBXResourcesBuildPhase section */

/* Begin PBXSourcesBuildPhase section */
		BEAA536A2B45A666008F418B /* Sources */ = {
			isa = PBXSourcesBuildPhase;
			buildActionMask = 2147483647;
			files = (

				8F641CC32B4C72DB008A49B4 /* MovieDetailsViewModel.swift in Sources */,
				8F641CCC2B4C74F0008A49B4 /* FavouritesResults.swift in Sources */,
				8F641CCE2B4C7913008A49B4 /* TrendingView.swift in Sources */,
				BEAA53742B45A666008F418B /* ContentView.swift in Sources */,
				8F641CC72B4C7351008A49B4 /* CastView.swift in Sources */,
				8F641CBB2B4C705B008A49B4 /* MovieDiscoverViewModel.swift in Sources */,
				8F641CD22B4C7AC9008A49B4 /* TrendingViewModel.swift in Sources */,
				8FE859B52B4D5C900009DACD /* ButtonDS.swift in Sources */,
				BEAA53722B45A666008F418B /* MyMovieBookApp.swift in Sources */,
				8F641CBD2B4C71EA008A49B4 /* Movie.swift in Sources */,
				8FE859B12B4C7DDC0009DACD /* MovieCardViewVertical.swift in Sources */,
				8F641CC52B4C7321008A49B4 /* TrendingCard.swift in Sources */,
				8F641CBF2B4C725D008A49B4 /* TrendingResults.swift in Sources */,
				8F641CD02B4C7A43008A49B4 /* FavouritesView.swift in Sources */,
				8F641CC12B4C72B2008A49B4 /* MovieDetailView.swift in Sources */,

        BE1B8D302B4C4A1B00D43742 /* AuthViewModel.swift in Sources */,
				BEAA53742B45A666008F418B /* WelcomeView.swift in Sources */,
				BE1B8D3A2B4D460700D43742 /* LoginSuccessView.swift in Sources */,
				BEAA53722B45A666008F418B /* MyMovieBookApp.swift in Sources */,
				BE1B8D342B4C4B9500D43742 /* ResetPasswordView.swift in Sources */,
				BE1B8D362B4C4CC300D43742 /* SignUpView.swift in Sources */,
				BE1B8D322B4C4A6900D43742 /* InputView.swift in Sources */,
				BE1B8D2D2B4C49C800D43742 /* SignInView.swift in Sources */,
				BE1B8D3D2B4D469F00D43742 /* User.swift in Sources */,
				BE1B8D2A2B4C482B00D43742 /* MyButton.swift in Sources */,

			);
			runOnlyForDeploymentPostprocessing = 0;
		};
		BEAA537A2B45A668008F418B /* Sources */ = {
			isa = PBXSourcesBuildPhase;
			buildActionMask = 2147483647;
			files = (
				BEAA53832B45A668008F418B /* MyMovieBookTests.swift in Sources */,
			);
			runOnlyForDeploymentPostprocessing = 0;
		};
		BEAA53842B45A668008F418B /* Sources */ = {
			isa = PBXSourcesBuildPhase;
			buildActionMask = 2147483647;
			files = (
				BEAA538F2B45A668008F418B /* MyMovieBookUITestsLaunchTests.swift in Sources */,
				BEAA538D2B45A668008F418B /* MyMovieBookUITests.swift in Sources */,
			);
			runOnlyForDeploymentPostprocessing = 0;
		};
/* End PBXSourcesBuildPhase section */

/* Begin PBXTargetDependency section */
		BEAA53802B45A668008F418B /* PBXTargetDependency */ = {
			isa = PBXTargetDependency;
			target = BEAA536D2B45A666008F418B /* MyMovieBook */;
			targetProxy = BEAA537F2B45A668008F418B /* PBXContainerItemProxy */;
		};
		BEAA538A2B45A668008F418B /* PBXTargetDependency */ = {
			isa = PBXTargetDependency;
			target = BEAA536D2B45A666008F418B /* MyMovieBook */;
			targetProxy = BEAA53892B45A668008F418B /* PBXContainerItemProxy */;
		};
/* End PBXTargetDependency section */

/* Begin XCBuildConfiguration section */
		BEAA53902B45A668008F418B /* Debug */ = {
			isa = XCBuildConfiguration;
			buildSettings = {
				ALWAYS_SEARCH_USER_PATHS = NO;
				ASSETCATALOG_COMPILER_GENERATE_SWIFT_ASSET_SYMBOL_EXTENSIONS = YES;
				CLANG_ANALYZER_NONNULL = YES;
				CLANG_ANALYZER_NUMBER_OBJECT_CONVERSION = YES_AGGRESSIVE;
				CLANG_CXX_LANGUAGE_STANDARD = "gnu++20";
				CLANG_ENABLE_MODULES = YES;
				CLANG_ENABLE_OBJC_ARC = YES;
				CLANG_ENABLE_OBJC_WEAK = YES;
				CLANG_WARN_BLOCK_CAPTURE_AUTORELEASING = YES;
				CLANG_WARN_BOOL_CONVERSION = YES;
				CLANG_WARN_COMMA = YES;
				CLANG_WARN_CONSTANT_CONVERSION = YES;
				CLANG_WARN_DEPRECATED_OBJC_IMPLEMENTATIONS = YES;
				CLANG_WARN_DIRECT_OBJC_ISA_USAGE = YES_ERROR;
				CLANG_WARN_DOCUMENTATION_COMMENTS = YES;
				CLANG_WARN_EMPTY_BODY = YES;
				CLANG_WARN_ENUM_CONVERSION = YES;
				CLANG_WARN_INFINITE_RECURSION = YES;
				CLANG_WARN_INT_CONVERSION = YES;
				CLANG_WARN_NON_LITERAL_NULL_CONVERSION = YES;
				CLANG_WARN_OBJC_IMPLICIT_RETAIN_SELF = YES;
				CLANG_WARN_OBJC_LITERAL_CONVERSION = YES;
				CLANG_WARN_OBJC_ROOT_CLASS = YES_ERROR;
				CLANG_WARN_QUOTED_INCLUDE_IN_FRAMEWORK_HEADER = YES;
				CLANG_WARN_RANGE_LOOP_ANALYSIS = YES;
				CLANG_WARN_STRICT_PROTOTYPES = YES;
				CLANG_WARN_SUSPICIOUS_MOVE = YES;
				CLANG_WARN_UNGUARDED_AVAILABILITY = YES_AGGRESSIVE;
				CLANG_WARN_UNREACHABLE_CODE = YES;
				CLANG_WARN__DUPLICATE_METHOD_MATCH = YES;
				COPY_PHASE_STRIP = NO;
				DEBUG_INFORMATION_FORMAT = dwarf;
				ENABLE_STRICT_OBJC_MSGSEND = YES;
				ENABLE_TESTABILITY = YES;
				ENABLE_USER_SCRIPT_SANDBOXING = YES;
				GCC_C_LANGUAGE_STANDARD = gnu17;
				GCC_DYNAMIC_NO_PIC = NO;
				GCC_NO_COMMON_BLOCKS = YES;
				GCC_OPTIMIZATION_LEVEL = 0;
				GCC_PREPROCESSOR_DEFINITIONS = (
					"DEBUG=1",
					"$(inherited)",
				);
				GCC_WARN_64_TO_32_BIT_CONVERSION = YES;
				GCC_WARN_ABOUT_RETURN_TYPE = YES_ERROR;
				GCC_WARN_UNDECLARED_SELECTOR = YES;
				GCC_WARN_UNINITIALIZED_AUTOS = YES_AGGRESSIVE;
				GCC_WARN_UNUSED_FUNCTION = YES;
				GCC_WARN_UNUSED_VARIABLE = YES;
				IPHONEOS_DEPLOYMENT_TARGET = 17.2;
				LOCALIZATION_PREFERS_STRING_CATALOGS = YES;
				MTL_ENABLE_DEBUG_INFO = INCLUDE_SOURCE;
				MTL_FAST_MATH = YES;
				ONLY_ACTIVE_ARCH = YES;
				SDKROOT = iphoneos;
				SWIFT_ACTIVE_COMPILATION_CONDITIONS = "DEBUG $(inherited)";
				SWIFT_OPTIMIZATION_LEVEL = "-Onone";
			};
			name = Debug;
		};
		BEAA53912B45A668008F418B /* Release */ = {
			isa = XCBuildConfiguration;
			buildSettings = {
				ALWAYS_SEARCH_USER_PATHS = NO;
				ASSETCATALOG_COMPILER_GENERATE_SWIFT_ASSET_SYMBOL_EXTENSIONS = YES;
				CLANG_ANALYZER_NONNULL = YES;
				CLANG_ANALYZER_NUMBER_OBJECT_CONVERSION = YES_AGGRESSIVE;
				CLANG_CXX_LANGUAGE_STANDARD = "gnu++20";
				CLANG_ENABLE_MODULES = YES;
				CLANG_ENABLE_OBJC_ARC = YES;
				CLANG_ENABLE_OBJC_WEAK = YES;
				CLANG_WARN_BLOCK_CAPTURE_AUTORELEASING = YES;
				CLANG_WARN_BOOL_CONVERSION = YES;
				CLANG_WARN_COMMA = YES;
				CLANG_WARN_CONSTANT_CONVERSION = YES;
				CLANG_WARN_DEPRECATED_OBJC_IMPLEMENTATIONS = YES;
				CLANG_WARN_DIRECT_OBJC_ISA_USAGE = YES_ERROR;
				CLANG_WARN_DOCUMENTATION_COMMENTS = YES;
				CLANG_WARN_EMPTY_BODY = YES;
				CLANG_WARN_ENUM_CONVERSION = YES;
				CLANG_WARN_INFINITE_RECURSION = YES;
				CLANG_WARN_INT_CONVERSION = YES;
				CLANG_WARN_NON_LITERAL_NULL_CONVERSION = YES;
				CLANG_WARN_OBJC_IMPLICIT_RETAIN_SELF = YES;
				CLANG_WARN_OBJC_LITERAL_CONVERSION = YES;
				CLANG_WARN_OBJC_ROOT_CLASS = YES_ERROR;
				CLANG_WARN_QUOTED_INCLUDE_IN_FRAMEWORK_HEADER = YES;
				CLANG_WARN_RANGE_LOOP_ANALYSIS = YES;
				CLANG_WARN_STRICT_PROTOTYPES = YES;
				CLANG_WARN_SUSPICIOUS_MOVE = YES;
				CLANG_WARN_UNGUARDED_AVAILABILITY = YES_AGGRESSIVE;
				CLANG_WARN_UNREACHABLE_CODE = YES;
				CLANG_WARN__DUPLICATE_METHOD_MATCH = YES;
				COPY_PHASE_STRIP = NO;
				DEBUG_INFORMATION_FORMAT = "dwarf-with-dsym";
				ENABLE_NS_ASSERTIONS = NO;
				ENABLE_STRICT_OBJC_MSGSEND = YES;
				ENABLE_USER_SCRIPT_SANDBOXING = YES;
				GCC_C_LANGUAGE_STANDARD = gnu17;
				GCC_NO_COMMON_BLOCKS = YES;
				GCC_WARN_64_TO_32_BIT_CONVERSION = YES;
				GCC_WARN_ABOUT_RETURN_TYPE = YES_ERROR;
				GCC_WARN_UNDECLARED_SELECTOR = YES;
				GCC_WARN_UNINITIALIZED_AUTOS = YES_AGGRESSIVE;
				GCC_WARN_UNUSED_FUNCTION = YES;
				GCC_WARN_UNUSED_VARIABLE = YES;
				IPHONEOS_DEPLOYMENT_TARGET = 17.2;
				LOCALIZATION_PREFERS_STRING_CATALOGS = YES;
				MTL_ENABLE_DEBUG_INFO = NO;
				MTL_FAST_MATH = YES;
				SDKROOT = iphoneos;
				SWIFT_COMPILATION_MODE = wholemodule;
				VALIDATE_PRODUCT = YES;
			};
			name = Release;
		};
		BEAA53932B45A668008F418B /* Debug */ = {
			isa = XCBuildConfiguration;
			buildSettings = {
				ASSETCATALOG_COMPILER_APPICON_NAME = AppIcon;
				ASSETCATALOG_COMPILER_GLOBAL_ACCENT_COLOR_NAME = AccentColor;
				CODE_SIGN_STYLE = Automatic;
				CURRENT_PROJECT_VERSION = 1;
				DEVELOPMENT_ASSET_PATHS = "\"MyMovieBook/Preview Content\"";
				DEVELOPMENT_TEAM = UYKLZGB88J;
				ENABLE_PREVIEWS = YES;
				GENERATE_INFOPLIST_FILE = YES;
				INFOPLIST_KEY_UIApplicationSceneManifest_Generation = YES;
				INFOPLIST_KEY_UIApplicationSupportsIndirectInputEvents = YES;
				INFOPLIST_KEY_UILaunchScreen_Generation = YES;
				INFOPLIST_KEY_UISupportedInterfaceOrientations_iPad = "UIInterfaceOrientationPortrait UIInterfaceOrientationPortraitUpsideDown UIInterfaceOrientationLandscapeLeft UIInterfaceOrientationLandscapeRight";
				INFOPLIST_KEY_UISupportedInterfaceOrientations_iPhone = "UIInterfaceOrientationPortrait UIInterfaceOrientationLandscapeLeft UIInterfaceOrientationLandscapeRight";
				LD_RUNPATH_SEARCH_PATHS = (
					"$(inherited)",
					"@executable_path/Frameworks",
				);
				MARKETING_VERSION = 1.0;
				PRODUCT_BUNDLE_IDENTIFIER = com.BusraSudeKulek.MyMovieBook;
				PRODUCT_NAME = "$(TARGET_NAME)";
				SWIFT_EMIT_LOC_STRINGS = YES;
				SWIFT_VERSION = 5.0;
				TARGETED_DEVICE_FAMILY = "1,2";
			};
			name = Debug;
		};
		BEAA53942B45A668008F418B /* Release */ = {
			isa = XCBuildConfiguration;
			buildSettings = {
				ASSETCATALOG_COMPILER_APPICON_NAME = AppIcon;
				ASSETCATALOG_COMPILER_GLOBAL_ACCENT_COLOR_NAME = AccentColor;
				CODE_SIGN_STYLE = Automatic;
				CURRENT_PROJECT_VERSION = 1;
				DEVELOPMENT_ASSET_PATHS = "\"MyMovieBook/Preview Content\"";
				DEVELOPMENT_TEAM = UYKLZGB88J;
				ENABLE_PREVIEWS = YES;
				GENERATE_INFOPLIST_FILE = YES;
				INFOPLIST_KEY_UIApplicationSceneManifest_Generation = YES;
				INFOPLIST_KEY_UIApplicationSupportsIndirectInputEvents = YES;
				INFOPLIST_KEY_UILaunchScreen_Generation = YES;
				INFOPLIST_KEY_UISupportedInterfaceOrientations_iPad = "UIInterfaceOrientationPortrait UIInterfaceOrientationPortraitUpsideDown UIInterfaceOrientationLandscapeLeft UIInterfaceOrientationLandscapeRight";
				INFOPLIST_KEY_UISupportedInterfaceOrientations_iPhone = "UIInterfaceOrientationPortrait UIInterfaceOrientationLandscapeLeft UIInterfaceOrientationLandscapeRight";
				LD_RUNPATH_SEARCH_PATHS = (
					"$(inherited)",
					"@executable_path/Frameworks",
				);
				MARKETING_VERSION = 1.0;
				PRODUCT_BUNDLE_IDENTIFIER = com.BusraSudeKulek.MyMovieBook;
				PRODUCT_NAME = "$(TARGET_NAME)";
				SWIFT_EMIT_LOC_STRINGS = YES;
				SWIFT_VERSION = 5.0;
				TARGETED_DEVICE_FAMILY = "1,2";
			};
			name = Release;
		};
		BEAA53962B45A668008F418B /* Debug */ = {
			isa = XCBuildConfiguration;
			buildSettings = {
				ALWAYS_EMBED_SWIFT_STANDARD_LIBRARIES = YES;
				BUNDLE_LOADER = "$(TEST_HOST)";
				CODE_SIGN_STYLE = Automatic;
				CURRENT_PROJECT_VERSION = 1;
				DEVELOPMENT_TEAM = UYKLZGB88J;
				GENERATE_INFOPLIST_FILE = YES;
				IPHONEOS_DEPLOYMENT_TARGET = 17.2;
				MARKETING_VERSION = 1.0;
				PRODUCT_BUNDLE_IDENTIFIER = com.BusraSudeKulek.MyMovieBookTests;
				PRODUCT_NAME = "$(TARGET_NAME)";
				SWIFT_EMIT_LOC_STRINGS = NO;
				SWIFT_VERSION = 5.0;
				TARGETED_DEVICE_FAMILY = "1,2";
				TEST_HOST = "$(BUILT_PRODUCTS_DIR)/MyMovieBook.app/$(BUNDLE_EXECUTABLE_FOLDER_PATH)/MyMovieBook";
			};
			name = Debug;
		};
		BEAA53972B45A668008F418B /* Release */ = {
			isa = XCBuildConfiguration;
			buildSettings = {
				ALWAYS_EMBED_SWIFT_STANDARD_LIBRARIES = YES;
				BUNDLE_LOADER = "$(TEST_HOST)";
				CODE_SIGN_STYLE = Automatic;
				CURRENT_PROJECT_VERSION = 1;
				DEVELOPMENT_TEAM = UYKLZGB88J;
				GENERATE_INFOPLIST_FILE = YES;
				IPHONEOS_DEPLOYMENT_TARGET = 17.2;
				MARKETING_VERSION = 1.0;
				PRODUCT_BUNDLE_IDENTIFIER = com.BusraSudeKulek.MyMovieBookTests;
				PRODUCT_NAME = "$(TARGET_NAME)";
				SWIFT_EMIT_LOC_STRINGS = NO;
				SWIFT_VERSION = 5.0;
				TARGETED_DEVICE_FAMILY = "1,2";
				TEST_HOST = "$(BUILT_PRODUCTS_DIR)/MyMovieBook.app/$(BUNDLE_EXECUTABLE_FOLDER_PATH)/MyMovieBook";
			};
			name = Release;
		};
		BEAA53992B45A668008F418B /* Debug */ = {
			isa = XCBuildConfiguration;
			buildSettings = {
				ALWAYS_EMBED_SWIFT_STANDARD_LIBRARIES = YES;
				CODE_SIGN_STYLE = Automatic;
				CURRENT_PROJECT_VERSION = 1;
				DEVELOPMENT_TEAM = UYKLZGB88J;
				GENERATE_INFOPLIST_FILE = YES;
				MARKETING_VERSION = 1.0;
				PRODUCT_BUNDLE_IDENTIFIER = com.BusraSudeKulek.MyMovieBookUITests;
				PRODUCT_NAME = "$(TARGET_NAME)";
				SWIFT_EMIT_LOC_STRINGS = NO;
				SWIFT_VERSION = 5.0;
				TARGETED_DEVICE_FAMILY = "1,2";
				TEST_TARGET_NAME = MyMovieBook;
			};
			name = Debug;
		};
		BEAA539A2B45A668008F418B /* Release */ = {
			isa = XCBuildConfiguration;
			buildSettings = {
				ALWAYS_EMBED_SWIFT_STANDARD_LIBRARIES = YES;
				CODE_SIGN_STYLE = Automatic;
				CURRENT_PROJECT_VERSION = 1;
				DEVELOPMENT_TEAM = UYKLZGB88J;
				GENERATE_INFOPLIST_FILE = YES;
				MARKETING_VERSION = 1.0;
				PRODUCT_BUNDLE_IDENTIFIER = com.BusraSudeKulek.MyMovieBookUITests;
				PRODUCT_NAME = "$(TARGET_NAME)";
				SWIFT_EMIT_LOC_STRINGS = NO;
				SWIFT_VERSION = 5.0;
				TARGETED_DEVICE_FAMILY = "1,2";
				TEST_TARGET_NAME = MyMovieBook;
			};
			name = Release;
		};
/* End XCBuildConfiguration section */

/* Begin XCConfigurationList section */
		BEAA53692B45A666008F418B /* Build configuration list for PBXProject "MyMovieBook" */ = {
			isa = XCConfigurationList;
			buildConfigurations = (
				BEAA53902B45A668008F418B /* Debug */,
				BEAA53912B45A668008F418B /* Release */,
			);
			defaultConfigurationIsVisible = 0;
			defaultConfigurationName = Release;
		};
		BEAA53922B45A668008F418B /* Build configuration list for PBXNativeTarget "MyMovieBook" */ = {
			isa = XCConfigurationList;
			buildConfigurations = (
				BEAA53932B45A668008F418B /* Debug */,
				BEAA53942B45A668008F418B /* Release */,
			);
			defaultConfigurationIsVisible = 0;
			defaultConfigurationName = Release;
		};
		BEAA53952B45A668008F418B /* Build configuration list for PBXNativeTarget "MyMovieBookTests" */ = {
			isa = XCConfigurationList;
			buildConfigurations = (
				BEAA53962B45A668008F418B /* Debug */,
				BEAA53972B45A668008F418B /* Release */,
			);
			defaultConfigurationIsVisible = 0;
			defaultConfigurationName = Release;
		};
		BEAA53982B45A668008F418B /* Build configuration list for PBXNativeTarget "MyMovieBookUITests" */ = {
			isa = XCConfigurationList;
			buildConfigurations = (
				BEAA53992B45A668008F418B /* Debug */,
				BEAA539A2B45A668008F418B /* Release */,
			);
			defaultConfigurationIsVisible = 0;
			defaultConfigurationName = Release;
		};
/* End XCConfigurationList section */

/* Begin XCRemoteSwiftPackageReference section */
		BE1B8D402B4D6B5B00D43742 /* XCRemoteSwiftPackageReference "firebase-ios-sdk" */ = {
			isa = XCRemoteSwiftPackageReference;
			repositoryURL = "https://github.com/firebase/firebase-ios-sdk";
			requirement = {
				kind = upToNextMajorVersion;
				minimumVersion = 10.19.1;
			};
		};
/* End XCRemoteSwiftPackageReference section */

/* Begin XCSwiftPackageProductDependency section */
		BE1B8D412B4D6B5B00D43742 /* FirebaseAuth */ = {
			isa = XCSwiftPackageProductDependency;
			package = BE1B8D402B4D6B5B00D43742 /* XCRemoteSwiftPackageReference "firebase-ios-sdk" */;
			productName = FirebaseAuth;
		};
		BE1B8D432B4D6B5B00D43742 /* FirebaseFirestore */ = {
			isa = XCSwiftPackageProductDependency;
			package = BE1B8D402B4D6B5B00D43742 /* XCRemoteSwiftPackageReference "firebase-ios-sdk" */;
			productName = FirebaseFirestore;
		};
		BE1B8D452B4D6B5B00D43742 /* FirebaseFirestoreSwift */ = {
			isa = XCSwiftPackageProductDependency;
			package = BE1B8D402B4D6B5B00D43742 /* XCRemoteSwiftPackageReference "firebase-ios-sdk" */;
			productName = FirebaseFirestoreSwift;
		};
		BE1B8D472B4D6B5B00D43742 /* FirebaseStorage */ = {
			isa = XCSwiftPackageProductDependency;
			package = BE1B8D402B4D6B5B00D43742 /* XCRemoteSwiftPackageReference "firebase-ios-sdk" */;
			productName = FirebaseStorage;
		};
/* End XCSwiftPackageProductDependency section */
	};
	rootObject = BEAA53662B45A666008F418B /* Project object */;
}
