// !$*UTF8*$!
{
	archiveVersion = 1;
	classes = {
	};
	objectVersion = 56;
	objects = {

/* Begin PBXBuildFile section */
		BEAA53722B45A666008F418B /* MyMovieBookApp.swift in Sources */ = {isa = PBXBuildFile; fileRef = BEAA53712B45A666008F418B /* MyMovieBookApp.swift */; };
		BEAA53742B45A666008F418B /* ContentView.swift in Sources */ = {isa = PBXBuildFile; fileRef = BEAA53732B45A666008F418B /* ContentView.swift */; };
		BEAA53762B45A668008F418B /* Assets.xcassets in Resources */ = {isa = PBXBuildFile; fileRef = BEAA53752B45A668008F418B /* Assets.xcassets */; };
		BEAA53792B45A668008F418B /* Preview Assets.xcassets in Resources */ = {isa = PBXBuildFile; fileRef = BEAA53782B45A668008F418B /* Preview Assets.xcassets */; };
		BEAA53832B45A668008F418B /* MyMovieBookTests.swift in Sources */ = {isa = PBXBuildFile; fileRef = BEAA53822B45A668008F418B /* MyMovieBookTests.swift */; };
		BEAA538D2B45A668008F418B /* MyMovieBookUITests.swift in Sources */ = {isa = PBXBuildFile; fileRef = BEAA538C2B45A668008F418B /* MyMovieBookUITests.swift */; };
		BEAA538F2B45A668008F418B /* MyMovieBookUITestsLaunchTests.swift in Sources */ = {isa = PBXBuildFile; fileRef = BEAA538E2B45A668008F418B /* MyMovieBookUITestsLaunchTests.swift */; };
/* End PBXBuildFile section */

/* Begin PBXContainerItemProxy section */
		BEAA537F2B45A668008F418B /* PBXContainerItemProxy */ = {
			isa = PBXContainerItemProxy;
			containerPortal = BEAA53662B45A666008F418B /* Project object */;
			proxyType = 1;
			remoteGlobalIDString = BEAA536D2B45A666008F418B;
			remoteInfo = MyMovieBook;
		};
		BEAA53892B45A668008F418B /* PBXContainerItemProxy */ = {
			isa = PBXContainerItemProxy;
			containerPortal = BEAA53662B45A666008F418B /* Project object */;
			proxyType = 1;
			remoteGlobalIDString = BEAA536D2B45A666008F418B;
			remoteInfo = MyMovieBook;
		};
/* End PBXContainerItemProxy section */

/* Begin PBXFileReference section */
		BEAA536E2B45A666008F418B /* MyMovieBook.app */ = {isa = PBXFileReference; explicitFileType = wrapper.application; includeInIndex = 0; path = MyMovieBook.app; sourceTree = BUILT_PRODUCTS_DIR; };
		BEAA53712B45A666008F418B /* MyMovieBookApp.swift */ = {isa = PBXFileReference; lastKnownFileType = sourcecode.swift; path = MyMovieBookApp.swift; sourceTree = "<group>"; };
		BEAA53732B45A666008F418B /* ContentView.swift */ = {isa = PBXFileReference; lastKnownFileType = sourcecode.swift; path = ContentView.swift; sourceTree = "<group>"; };
		BEAA53752B45A668008F418B /* Assets.xcassets */ = {isa = PBXFileReference; lastKnownFileType = folder.assetcatalog; path = Assets.xcassets; sourceTree = "<group>"; };
		BEAA53782B45A668008F418B /* Preview Assets.xcassets */ = {isa = PBXFileReference; lastKnownFileType = folder.assetcatalog; path = "Preview Assets.xcassets"; sourceTree = "<group>"; };
		BEAA537E2B45A668008F418B /* MyMovieBookTests.xctest */ = {isa = PBXFileReference; explicitFileType = wrapper.cfbundle; includeInIndex = 0; path = MyMovieBookTests.xctest; sourceTree = BUILT_PRODUCTS_DIR; };
		BEAA53822B45A668008F418B /* MyMovieBookTests.swift */ = {isa = PBXFileReference; lastKnownFileType = sourcecode.swift; path = MyMovieBookTests.swift; sourceTree = "<group>"; };
		BEAA53882B45A668008F418B /* MyMovieBookUITests.xctest */ = {isa = PBXFileReference; explicitFileType = wrapper.cfbundle; includeInIndex = 0; path = MyMovieBookUITests.xctest; sourceTree = BUILT_PRODUCTS_DIR; };
		BEAA538C2B45A668008F418B /* MyMovieBookUITests.swift */ = {isa = PBXFileReference; lastKnownFileType = sourcecode.swift; path = MyMovieBookUITests.swift; sourceTree = "<group>"; };
		BEAA538E2B45A668008F418B /* MyMovieBookUITestsLaunchTests.swift */ = {isa = PBXFileReference; lastKnownFileType = sourcecode.swift; path = MyMovieBookUITestsLaunchTests.swift; sourceTree = "<group>"; };
/* End PBXFileReference section */

/* Begin PBXFrameworksBuildPhase section */
		BEAA536B2B45A666008F418B /* Frameworks */ = {
			isa = PBXFrameworksBuildPhase;
			buildActionMask = 2147483647;
			files = (
			);
			runOnlyForDeploymentPostprocessing = 0;
		};
		BEAA537B2B45A668008F418B /* Frameworks */ = {
			isa = PBXFrameworksBuildPhase;
			buildActionMask = 2147483647;
			files = (
			);
			runOnlyForDeploymentPostprocessing = 0;
		};
		BEAA53852B45A668008F418B /* Frameworks */ = {
			isa = PBXFrameworksBuildPhase;
			buildActionMask = 2147483647;
			files = (
			);
			runOnlyForDeploymentPostprocessing = 0;
		};
/* End PBXFrameworksBuildPhase section */

/* Begin PBXGroup section */
		BEAA53652B45A666008F418B = {
			isa = PBXGroup;
			children = (
				BEAA53702B45A666008F418B /* MyMovieBook */,
				BEAA53812B45A668008F418B /* MyMovieBookTests */,
				BEAA538B2B45A668008F418B /* MyMovieBookUITests */,
				BEAA536F2B45A666008F418B /* Products */,
			);
			sourceTree = "<group>";
		};
		BEAA536F2B45A666008F418B /* Products */ = {
			isa = PBXGroup;
			children = (
				BEAA536E2B45A666008F418B /* MyMovieBook.app */,
				BEAA537E2B45A668008F418B /* MyMovieBookTests.xctest */,
				BEAA53882B45A668008F418B /* MyMovieBookUITests.xctest */,
			);
			name = Products;
			sourceTree = "<group>";
		};
		BEAA53702B45A666008F418B /* MyMovieBook */ = {
			isa = PBXGroup;
			children = (
				BEAA53712B45A666008F418B /* MyMovieBookApp.swift */,
				BEAA53732B45A666008F418B /* ContentView.swift */,
				BEAA53752B45A668008F418B /* Assets.xcassets */,
				BEAA53772B45A668008F418B /* Preview Content */,
			);
			path = MyMovieBook;
			sourceTree = "<group>";
		};
		BEAA53772B45A668008F418B /* Preview Content */ = {
			isa = PBXGroup;
			children = (
				BEAA53782B45A668008F418B /* Preview Assets.xcassets */,
			);
			path = "Preview Content";
			sourceTree = "<group>";
		};
		BEAA53812B45A668008F418B /* MyMovieBookTests */ = {
			isa = PBXGroup;
			children = (
				BEAA53822B45A668008F418B /* MyMovieBookTests.swift */,
			);
			path = MyMovieBookTests;
			sourceTree = "<group>";
		};
		BEAA538B2B45A668008F418B /* MyMovieBookUITests */ = {
			isa = PBXGroup;
			children = (
				BEAA538C2B45A668008F418B /* MyMovieBookUITests.swift */,
				BEAA538E2B45A668008F418B /* MyMovieBookUITestsLaunchTests.swift */,
			);
			path = MyMovieBookUITests;
			sourceTree = "<group>";
		};
/* End PBXGroup section */

/* Begin PBXNativeTarget section */
		BEAA536D2B45A666008F418B /* MyMovieBook */ = {
			isa = PBXNativeTarget;
			buildConfigurationList = BEAA53922B45A668008F418B /* Build configuration list for PBXNativeTarget "MyMovieBook" */;
			buildPhases = (
				BEAA536A2B45A666008F418B /* Sources */,
				BEAA536B2B45A666008F418B /* Frameworks */,
				BEAA536C2B45A666008F418B /* Resources */,
			);
			buildRules = (
			);
			dependencies = (
			);
			name = MyMovieBook;
			productName = MyMovieBook;
			productReference = BEAA536E2B45A666008F418B /* MyMovieBook.app */;
			productType = "com.apple.product-type.application";
		};
		BEAA537D2B45A668008F418B /* MyMovieBookTests */ = {
			isa = PBXNativeTarget;
			buildConfigurationList = BEAA53952B45A668008F418B /* Build configuration list for PBXNativeTarget "MyMovieBookTests" */;
			buildPhases = (
				BEAA537A2B45A668008F418B /* Sources */,
				BEAA537B2B45A668008F418B /* Frameworks */,
				BEAA537C2B45A668008F418B /* Resources */,
			);
			buildRules = (
			);
			dependencies = (
				BEAA53802B45A668008F418B /* PBXTargetDependency */,
			);
			name = MyMovieBookTests;
			productName = MyMovieBookTests;
			productReference = BEAA537E2B45A668008F418B /* MyMovieBookTests.xctest */;
			productType = "com.apple.product-type.bundle.unit-test";
		};
		BEAA53872B45A668008F418B /* MyMovieBookUITests */ = {
			isa = PBXNativeTarget;
			buildConfigurationList = BEAA53982B45A668008F418B /* Build configuration list for PBXNativeTarget "MyMovieBookUITests" */;
			buildPhases = (
				BEAA53842B45A668008F418B /* Sources */,
				BEAA53852B45A668008F418B /* Frameworks */,
				BEAA53862B45A668008F418B /* Resources */,
			);
			buildRules = (
			);
			dependencies = (
				BEAA538A2B45A668008F418B /* PBXTargetDependency */,
			);
			name = MyMovieBookUITests;
			productName = MyMovieBookUITests;
			productReference = BEAA53882B45A668008F418B /* MyMovieBookUITests.xctest */;
			productType = "com.apple.product-type.bundle.ui-testing";
		};
/* End PBXNativeTarget section */

/* Begin PBXProject section */
		BEAA53662B45A666008F418B /* Project object */ = {
			isa = PBXProject;
			attributes = {
				BuildIndependentTargetsInParallel = 1;
				LastSwiftUpdateCheck = 1510;
				LastUpgradeCheck = 1510;
				TargetAttributes = {
					BEAA536D2B45A666008F418B = {
						CreatedOnToolsVersion = 15.1;
					};
					BEAA537D2B45A668008F418B = {
						CreatedOnToolsVersion = 15.1;
						TestTargetID = BEAA536D2B45A666008F418B;
					};
					BEAA53872B45A668008F418B = {
						CreatedOnToolsVersion = 15.1;
						TestTargetID = BEAA536D2B45A666008F418B;
					};
				};
			};
			buildConfigurationList = BEAA53692B45A666008F418B /* Build configuration list for PBXProject "MyMovieBook" */;
			compatibilityVersion = "Xcode 14.0";
			developmentRegion = en;
			hasScannedForEncodings = 0;
			knownRegions = (
				en,
				Base,
			);
			mainGroup = BEAA53652B45A666008F418B;
			productRefGroup = BEAA536F2B45A666008F418B /* Products */;
			projectDirPath = "";
			projectRoot = "";
			targets = (
				BEAA536D2B45A666008F418B /* MyMovieBook */,
				BEAA537D2B45A668008F418B /* MyMovieBookTests */,
				BEAA53872B45A668008F418B /* MyMovieBookUITests */,
			);
		};
/* End PBXProject section */

/* Begin PBXResourcesBuildPhase section */
		BEAA536C2B45A666008F418B /* Resources */ = {
			isa = PBXResourcesBuildPhase;
			buildActionMask = 2147483647;
			files = (
				BEAA53792B45A668008F418B /* Preview Assets.xcassets in Resources */,
				BEAA53762B45A668008F418B /* Assets.xcassets in Resources */,
			);
			runOnlyForDeploymentPostprocessing = 0;
		};
		BEAA537C2B45A668008F418B /* Resources */ = {
			isa = PBXResourcesBuildPhase;
			buildActionMask = 2147483647;
			files = (
			);
			runOnlyForDeploymentPostprocessing = 0;
		};
		BEAA53862B45A668008F418B /* Resources */ = {
			isa = PBXResourcesBuildPhase;
			buildActionMask = 2147483647;
			files = (
			);
			runOnlyForDeploymentPostprocessing = 0;
		};
/* End PBXResourcesBuildPhase section */

/* Begin PBXSourcesBuildPhase section */
		BEAA536A2B45A666008F418B /* Sources */ = {
			isa = PBXSourcesBuildPhase;
			buildActionMask = 2147483647;
			files = (
				BEAA53742B45A666008F418B /* ContentView.swift in Sources */,
				BEAA53722B45A666008F418B /* MyMovieBookApp.swift in Sources */,
			);
			runOnlyForDeploymentPostprocessing = 0;
		};
		BEAA537A2B45A668008F418B /* Sources */ = {
			isa = PBXSourcesBuildPhase;
			buildActionMask = 2147483647;
			files = (
				BEAA53832B45A668008F418B /* MyMovieBookTests.swift in Sources */,
			);
			runOnlyForDeploymentPostprocessing = 0;
		};
		BEAA53842B45A668008F418B /* Sources */ = {
			isa = PBXSourcesBuildPhase;
			buildActionMask = 2147483647;
			files = (
				BEAA538F2B45A668008F418B /* MyMovieBookUITestsLaunchTests.swift in Sources */,
				BEAA538D2B45A668008F418B /* MyMovieBookUITests.swift in Sources */,
			);
			runOnlyForDeploymentPostprocessing = 0;
		};
/* End PBXSourcesBuildPhase section */

/* Begin PBXTargetDependency section */
		BEAA53802B45A668008F418B /* PBXTargetDependency */ = {
			isa = PBXTargetDependency;
			target = BEAA536D2B45A666008F418B /* MyMovieBook */;
			targetProxy = BEAA537F2B45A668008F418B /* PBXContainerItemProxy */;
		};
		BEAA538A2B45A668008F418B /* PBXTargetDependency */ = {
			isa = PBXTargetDependency;
			target = BEAA536D2B45A666008F418B /* MyMovieBook */;
			targetProxy = BEAA53892B45A668008F418B /* PBXContainerItemProxy */;
		};
/* End PBXTargetDependency section */

/* Begin XCBuildConfiguration section */
		BEAA53902B45A668008F418B /* Debug */ = {
			isa = XCBuildConfiguration;
			buildSettings = {
				ALWAYS_SEARCH_USER_PATHS = NO;
				ASSETCATALOG_COMPILER_GENERATE_SWIFT_ASSET_SYMBOL_EXTENSIONS = YES;
				CLANG_ANALYZER_NONNULL = YES;
				CLANG_ANALYZER_NUMBER_OBJECT_CONVERSION = YES_AGGRESSIVE;
				CLANG_CXX_LANGUAGE_STANDARD = "gnu++20";
				CLANG_ENABLE_MODULES = YES;
				CLANG_ENABLE_OBJC_ARC = YES;
				CLANG_ENABLE_OBJC_WEAK = YES;
				CLANG_WARN_BLOCK_CAPTURE_AUTORELEASING = YES;
				CLANG_WARN_BOOL_CONVERSION = YES;
				CLANG_WARN_COMMA = YES;
				CLANG_WARN_CONSTANT_CONVERSION = YES;
				CLANG_WARN_DEPRECATED_OBJC_IMPLEMENTATIONS = YES;
				CLANG_WARN_DIRECT_OBJC_ISA_USAGE = YES_ERROR;
				CLANG_WARN_DOCUMENTATION_COMMENTS = YES;
				CLANG_WARN_EMPTY_BODY = YES;
				CLANG_WARN_ENUM_CONVERSION = YES;
				CLANG_WARN_INFINITE_RECURSION = YES;
				CLANG_WARN_INT_CONVERSION = YES;
				CLANG_WARN_NON_LITERAL_NULL_CONVERSION = YES;
				CLANG_WARN_OBJC_IMPLICIT_RETAIN_SELF = YES;
				CLANG_WARN_OBJC_LITERAL_CONVERSION = YES;
				CLANG_WARN_OBJC_ROOT_CLASS = YES_ERROR;
				CLANG_WARN_QUOTED_INCLUDE_IN_FRAMEWORK_HEADER = YES;
				CLANG_WARN_RANGE_LOOP_ANALYSIS = YES;
				CLANG_WARN_STRICT_PROTOTYPES = YES;
				CLANG_WARN_SUSPICIOUS_MOVE = YES;
				CLANG_WARN_UNGUARDED_AVAILABILITY = YES_AGGRESSIVE;
				CLANG_WARN_UNREACHABLE_CODE = YES;
				CLANG_WARN__DUPLICATE_METHOD_MATCH = YES;
				COPY_PHASE_STRIP = NO;
				DEBUG_INFORMATION_FORMAT = dwarf;
				ENABLE_STRICT_OBJC_MSGSEND = YES;
				ENABLE_TESTABILITY = YES;
				ENABLE_USER_SCRIPT_SANDBOXING = YES;
				GCC_C_LANGUAGE_STANDARD = gnu17;
				GCC_DYNAMIC_NO_PIC = NO;
				GCC_NO_COMMON_BLOCKS = YES;
				GCC_OPTIMIZATION_LEVEL = 0;
				GCC_PREPROCESSOR_DEFINITIONS = (
					"DEBUG=1",
					"$(inherited)",
				);
				GCC_WARN_64_TO_32_BIT_CONVERSION = YES;
				GCC_WARN_ABOUT_RETURN_TYPE = YES_ERROR;
				GCC_WARN_UNDECLARED_SELECTOR = YES;
				GCC_WARN_UNINITIALIZED_AUTOS = YES_AGGRESSIVE;
				GCC_WARN_UNUSED_FUNCTION = YES;
				GCC_WARN_UNUSED_VARIABLE = YES;
				IPHONEOS_DEPLOYMENT_TARGET = 17.2;
				LOCALIZATION_PREFERS_STRING_CATALOGS = YES;
				MTL_ENABLE_DEBUG_INFO = INCLUDE_SOURCE;
				MTL_FAST_MATH = YES;
				ONLY_ACTIVE_ARCH = YES;
				SDKROOT = iphoneos;
				SWIFT_ACTIVE_COMPILATION_CONDITIONS = "DEBUG $(inherited)";
				SWIFT_OPTIMIZATION_LEVEL = "-Onone";
			};
			name = Debug;
		};
		BEAA53912B45A668008F418B /* Release */ = {
			isa = XCBuildConfiguration;
			buildSettings = {
				ALWAYS_SEARCH_USER_PATHS = NO;
				ASSETCATALOG_COMPILER_GENERATE_SWIFT_ASSET_SYMBOL_EXTENSIONS = YES;
				CLANG_ANALYZER_NONNULL = YES;
				CLANG_ANALYZER_NUMBER_OBJECT_CONVERSION = YES_AGGRESSIVE;
				CLANG_CXX_LANGUAGE_STANDARD = "gnu++20";
				CLANG_ENABLE_MODULES = YES;
				CLANG_ENABLE_OBJC_ARC = YES;
				CLANG_ENABLE_OBJC_WEAK = YES;
				CLANG_WARN_BLOCK_CAPTURE_AUTORELEASING = YES;
				CLANG_WARN_BOOL_CONVERSION = YES;
				CLANG_WARN_COMMA = YES;
				CLANG_WARN_CONSTANT_CONVERSION = YES;
				CLANG_WARN_DEPRECATED_OBJC_IMPLEMENTATIONS = YES;
				CLANG_WARN_DIRECT_OBJC_ISA_USAGE = YES_ERROR;
				CLANG_WARN_DOCUMENTATION_COMMENTS = YES;
				CLANG_WARN_EMPTY_BODY = YES;
				CLANG_WARN_ENUM_CONVERSION = YES;
				CLANG_WARN_INFINITE_RECURSION = YES;
				CLANG_WARN_INT_CONVERSION = YES;
				CLANG_WARN_NON_LITERAL_NULL_CONVERSION = YES;
				CLANG_WARN_OBJC_IMPLICIT_RETAIN_SELF = YES;
				CLANG_WARN_OBJC_LITERAL_CONVERSION = YES;
				CLANG_WARN_OBJC_ROOT_CLASS = YES_ERROR;
				CLANG_WARN_QUOTED_INCLUDE_IN_FRAMEWORK_HEADER = YES;
				CLANG_WARN_RANGE_LOOP_ANALYSIS = YES;
				CLANG_WARN_STRICT_PROTOTYPES = YES;
				CLANG_WARN_SUSPICIOUS_MOVE = YES;
				CLANG_WARN_UNGUARDED_AVAILABILITY = YES_AGGRESSIVE;
				CLANG_WARN_UNREACHABLE_CODE = YES;
				CLANG_WARN__DUPLICATE_METHOD_MATCH = YES;
				COPY_PHASE_STRIP = NO;
				DEBUG_INFORMATION_FORMAT = "dwarf-with-dsym";
				ENABLE_NS_ASSERTIONS = NO;
				ENABLE_STRICT_OBJC_MSGSEND = YES;
				ENABLE_USER_SCRIPT_SANDBOXING = YES;
				GCC_C_LANGUAGE_STANDARD = gnu17;
				GCC_NO_COMMON_BLOCKS = YES;
				GCC_WARN_64_TO_32_BIT_CONVERSION = YES;
				GCC_WARN_ABOUT_RETURN_TYPE = YES_ERROR;
				GCC_WARN_UNDECLARED_SELECTOR = YES;
				GCC_WARN_UNINITIALIZED_AUTOS = YES_AGGRESSIVE;
				GCC_WARN_UNUSED_FUNCTION = YES;
				GCC_WARN_UNUSED_VARIABLE = YES;
				IPHONEOS_DEPLOYMENT_TARGET = 17.2;
				LOCALIZATION_PREFERS_STRING_CATALOGS = YES;
				MTL_ENABLE_DEBUG_INFO = NO;
				MTL_FAST_MATH = YES;
				SDKROOT = iphoneos;
				SWIFT_COMPILATION_MODE = wholemodule;
				VALIDATE_PRODUCT = YES;
			};
			name = Release;
		};
		BEAA53932B45A668008F418B /* Debug */ = {
			isa = XCBuildConfiguration;
			buildSettings = {
				ASSETCATALOG_COMPILER_APPICON_NAME = AppIcon;
				ASSETCATALOG_COMPILER_GLOBAL_ACCENT_COLOR_NAME = AccentColor;
				CODE_SIGN_STYLE = Automatic;
				CURRENT_PROJECT_VERSION = 1;
				DEVELOPMENT_ASSET_PATHS = "\"MyMovieBook/Preview Content\"";
				DEVELOPMENT_TEAM = UYKLZGB88J;
				ENABLE_PREVIEWS = YES;
				GENERATE_INFOPLIST_FILE = YES;
				INFOPLIST_KEY_UIApplicationSceneManifest_Generation = YES;
				INFOPLIST_KEY_UIApplicationSupportsIndirectInputEvents = YES;
				INFOPLIST_KEY_UILaunchScreen_Generation = YES;
				INFOPLIST_KEY_UISupportedInterfaceOrientations_iPad = "UIInterfaceOrientationPortrait UIInterfaceOrientationPortraitUpsideDown UIInterfaceOrientationLandscapeLeft UIInterfaceOrientationLandscapeRight";
				INFOPLIST_KEY_UISupportedInterfaceOrientations_iPhone = "UIInterfaceOrientationPortrait UIInterfaceOrientationLandscapeLeft UIInterfaceOrientationLandscapeRight";
				LD_RUNPATH_SEARCH_PATHS = (
					"$(inherited)",
					"@executable_path/Frameworks",
				);
				MARKETING_VERSION = 1.0;
				PRODUCT_BUNDLE_IDENTIFIER = com.BusraSudeKulek.MyMovieBook;
				PRODUCT_NAME = "$(TARGET_NAME)";
				SWIFT_EMIT_LOC_STRINGS = YES;
				SWIFT_VERSION = 5.0;
				TARGETED_DEVICE_FAMILY = "1,2";
			};
			name = Debug;
		};
		BEAA53942B45A668008F418B /* Release */ = {
			isa = XCBuildConfiguration;
			buildSettings = {
				ASSETCATALOG_COMPILER_APPICON_NAME = AppIcon;
				ASSETCATALOG_COMPILER_GLOBAL_ACCENT_COLOR_NAME = AccentColor;
				CODE_SIGN_STYLE = Automatic;
				CURRENT_PROJECT_VERSION = 1;
				DEVELOPMENT_ASSET_PATHS = "\"MyMovieBook/Preview Content\"";
				DEVELOPMENT_TEAM = UYKLZGB88J;
				ENABLE_PREVIEWS = YES;
				GENERATE_INFOPLIST_FILE = YES;
				INFOPLIST_KEY_UIApplicationSceneManifest_Generation = YES;
				INFOPLIST_KEY_UIApplicationSupportsIndirectInputEvents = YES;
				INFOPLIST_KEY_UILaunchScreen_Generation = YES;
				INFOPLIST_KEY_UISupportedInterfaceOrientations_iPad = "UIInterfaceOrientationPortrait UIInterfaceOrientationPortraitUpsideDown UIInterfaceOrientationLandscapeLeft UIInterfaceOrientationLandscapeRight";
				INFOPLIST_KEY_UISupportedInterfaceOrientations_iPhone = "UIInterfaceOrientationPortrait UIInterfaceOrientationLandscapeLeft UIInterfaceOrientationLandscapeRight";
				LD_RUNPATH_SEARCH_PATHS = (
					"$(inherited)",
					"@executable_path/Frameworks",
				);
				MARKETING_VERSION = 1.0;
				PRODUCT_BUNDLE_IDENTIFIER = com.BusraSudeKulek.MyMovieBook;
				PRODUCT_NAME = "$(TARGET_NAME)";
				SWIFT_EMIT_LOC_STRINGS = YES;
				SWIFT_VERSION = 5.0;
				TARGETED_DEVICE_FAMILY = "1,2";
			};
			name = Release;
		};
		BEAA53962B45A668008F418B /* Debug */ = {
			isa = XCBuildConfiguration;
			buildSettings = {
				ALWAYS_EMBED_SWIFT_STANDARD_LIBRARIES = YES;
				BUNDLE_LOADER = "$(TEST_HOST)";
				CODE_SIGN_STYLE = Automatic;
				CURRENT_PROJECT_VERSION = 1;
				DEVELOPMENT_TEAM = UYKLZGB88J;
				GENERATE_INFOPLIST_FILE = YES;
				IPHONEOS_DEPLOYMENT_TARGET = 17.2;
				MARKETING_VERSION = 1.0;
				PRODUCT_BUNDLE_IDENTIFIER = com.BusraSudeKulek.MyMovieBookTests;
				PRODUCT_NAME = "$(TARGET_NAME)";
				SWIFT_EMIT_LOC_STRINGS = NO;
				SWIFT_VERSION = 5.0;
				TARGETED_DEVICE_FAMILY = "1,2";
				TEST_HOST = "$(BUILT_PRODUCTS_DIR)/MyMovieBook.app/$(BUNDLE_EXECUTABLE_FOLDER_PATH)/MyMovieBook";
			};
			name = Debug;
		};
		BEAA53972B45A668008F418B /* Release */ = {
			isa = XCBuildConfiguration;
			buildSettings = {
				ALWAYS_EMBED_SWIFT_STANDARD_LIBRARIES = YES;
				BUNDLE_LOADER = "$(TEST_HOST)";
				CODE_SIGN_STYLE = Automatic;
				CURRENT_PROJECT_VERSION = 1;
				DEVELOPMENT_TEAM = UYKLZGB88J;
				GENERATE_INFOPLIST_FILE = YES;
				IPHONEOS_DEPLOYMENT_TARGET = 17.2;
				MARKETING_VERSION = 1.0;
				PRODUCT_BUNDLE_IDENTIFIER = com.BusraSudeKulek.MyMovieBookTests;
				PRODUCT_NAME = "$(TARGET_NAME)";
				SWIFT_EMIT_LOC_STRINGS = NO;
				SWIFT_VERSION = 5.0;
				TARGETED_DEVICE_FAMILY = "1,2";
				TEST_HOST = "$(BUILT_PRODUCTS_DIR)/MyMovieBook.app/$(BUNDLE_EXECUTABLE_FOLDER_PATH)/MyMovieBook";
			};
			name = Release;
		};
		BEAA53992B45A668008F418B /* Debug */ = {
			isa = XCBuildConfiguration;
			buildSettings = {
				ALWAYS_EMBED_SWIFT_STANDARD_LIBRARIES = YES;
				CODE_SIGN_STYLE = Automatic;
				CURRENT_PROJECT_VERSION = 1;
				DEVELOPMENT_TEAM = UYKLZGB88J;
				GENERATE_INFOPLIST_FILE = YES;
				MARKETING_VERSION = 1.0;
				PRODUCT_BUNDLE_IDENTIFIER = com.BusraSudeKulek.MyMovieBookUITests;
				PRODUCT_NAME = "$(TARGET_NAME)";
				SWIFT_EMIT_LOC_STRINGS = NO;
				SWIFT_VERSION = 5.0;
				TARGETED_DEVICE_FAMILY = "1,2";
				TEST_TARGET_NAME = MyMovieBook;
			};
			name = Debug;
		};
		BEAA539A2B45A668008F418B /* Release */ = {
			isa = XCBuildConfiguration;
			buildSettings = {
				ALWAYS_EMBED_SWIFT_STANDARD_LIBRARIES = YES;
				CODE_SIGN_STYLE = Automatic;
				CURRENT_PROJECT_VERSION = 1;
				DEVELOPMENT_TEAM = UYKLZGB88J;
				GENERATE_INFOPLIST_FILE = YES;
				MARKETING_VERSION = 1.0;
				PRODUCT_BUNDLE_IDENTIFIER = com.BusraSudeKulek.MyMovieBookUITests;
				PRODUCT_NAME = "$(TARGET_NAME)";
				SWIFT_EMIT_LOC_STRINGS = NO;
				SWIFT_VERSION = 5.0;
				TARGETED_DEVICE_FAMILY = "1,2";
				TEST_TARGET_NAME = MyMovieBook;
			};
			name = Release;
		};
/* End XCBuildConfiguration section */

/* Begin XCConfigurationList section */
		BEAA53692B45A666008F418B /* Build configuration list for PBXProject "MyMovieBook" */ = {
			isa = XCConfigurationList;
			buildConfigurations = (
				BEAA53902B45A668008F418B /* Debug */,
				BEAA53912B45A668008F418B /* Release */,
			);
			defaultConfigurationIsVisible = 0;
			defaultConfigurationName = Release;
		};
		BEAA53922B45A668008F418B /* Build configuration list for PBXNativeTarget "MyMovieBook" */ = {
			isa = XCConfigurationList;
			buildConfigurations = (
				BEAA53932B45A668008F418B /* Debug */,
				BEAA53942B45A668008F418B /* Release */,
			);
			defaultConfigurationIsVisible = 0;
			defaultConfigurationName = Release;
		};
		BEAA53952B45A668008F418B /* Build configuration list for PBXNativeTarget "MyMovieBookTests" */ = {
			isa = XCConfigurationList;
			buildConfigurations = (
				BEAA53962B45A668008F418B /* Debug */,
				BEAA53972B45A668008F418B /* Release */,
			);
			defaultConfigurationIsVisible = 0;
			defaultConfigurationName = Release;
		};
		BEAA53982B45A668008F418B /* Build configuration list for PBXNativeTarget "MyMovieBookUITests" */ = {
			isa = XCConfigurationList;
			buildConfigurations = (
				BEAA53992B45A668008F418B /* Debug */,
				BEAA539A2B45A668008F418B /* Release */,
			);
			defaultConfigurationIsVisible = 0;
			defaultConfigurationName = Release;
		};
/* End XCConfigurationList section */
	};
	rootObject = BEAA53662B45A666008F418B /* Project object */;
}
